
Microsoft Visual Studio Solution File, Format Version 12.00
# Visual Studio Version 16
VisualStudioVersion = 16.0.29215.179
MinimumVisualStudioVersion = 10.0.40219.1
Project("{FAE04EC0-301F-11D3-BF4B-00C04F79EFBC}") = "crowbar_client", "crowbar_client\crowbar_client.csproj", "{8D2CD259-E848-42E5-9A01-EB970A1EAB63}"
EndProject
Global
	GlobalSection(SolutionConfigurationPlatforms) = preSolution
		Debug|Any CPU = Debug|Any CPU
		Release|Any CPU = Release|Any CPU
	EndGlobalSection
	GlobalSection(ProjectConfigurationPlatforms) = postSolution
		{8D2CD259-E848-42E5-9A01-EB970A1EAB63}.Debug|Any CPU.ActiveCfg = Debug|Any CPU
		{8D2CD259-E848-42E5-9A01-EB970A1EAB63}.Debug|Any CPU.Build.0 = Debug|Any CPU
		{8D2CD259-E848-42E5-9A01-EB970A1EAB63}.Release|Any CPU.ActiveCfg = Release|Any CPU
		{8D2CD259-E848-42E5-9A01-EB970A1EAB63}.Release|Any CPU.Build.0 = Release|Any CPU
	EndGlobalSection
	GlobalSection(SolutionProperties) = preSolution
		HideSolutionNode = FALSE
	EndGlobalSection
	GlobalSection(ExtensibilityGlobals) = postSolution
		SolutionGuid = {D11BF40A-0ED2-40A2-AD6E-C1B31A0CD316}
	EndGlobalSection
EndGlobal
